
Microsoft Visual Studio Solution File, Format Version 12.00
# Visual Studio Version 17
VisualStudioVersion = 17.7.34024.191
MinimumVisualStudioVersion = 10.0.40219.1
Project("{9A19103F-16F7-4668-BE54-9A1E7A4F7556}") = "Lab_5", "Lab_5\Lab_5.csproj", "{44501F16-81E6-4FB6-87E4-0CC3EAB6B4B6}"
EndProject
Project("{9A19103F-16F7-4668-BE54-9A1E7A4F7556}") = "Lab_6", "Lab_6\Lab_6.csproj", "{A696C7DC-8A2A-438B-83CB-DCF7B80A3265}"
EndProject
Project("{FAE04EC0-301F-11D3-BF4B-00C04F79EFBC}") = "Lab_3", "Lab_3\Lab_3.csproj", "{04064CC2-7E4C-4787-A028-0806BB17F553}"
EndProject
Project("{FAE04EC0-301F-11D3-BF4B-00C04F79EFBC}") = "Lab_4", "Lab_4\Lab_4.csproj", "{DB812807-3773-4072-A39B-4F75F546272B}"
EndProject
Project("{FAE04EC0-301F-11D3-BF4B-00C04F79EFBC}") = "Lab_2_WF", "Lab_2_WF\Lab_2_WF.csproj", "{4FB597BE-7E6F-425A-BD7F-10D7F8FD0DC9}"
EndProject
Project("{FAE04EC0-301F-11D3-BF4B-00C04F79EFBC}") = "Lab_1_WF", "Lab_1_WF\Lab_1_WF.csproj", "{FA52BE5E-6ABC-43E5-B22C-B450205702A8}"
EndProject
Global
	GlobalSection(SolutionConfigurationPlatforms) = preSolution
		Debug|Any CPU = Debug|Any CPU
		Release|Any CPU = Release|Any CPU
	EndGlobalSection
	GlobalSection(ProjectConfigurationPlatforms) = postSolution
		{44501F16-81E6-4FB6-87E4-0CC3EAB6B4B6}.Debug|Any CPU.ActiveCfg = Debug|Any CPU
		{44501F16-81E6-4FB6-87E4-0CC3EAB6B4B6}.Debug|Any CPU.Build.0 = Debug|Any CPU
		{44501F16-81E6-4FB6-87E4-0CC3EAB6B4B6}.Release|Any CPU.ActiveCfg = Release|Any CPU
		{44501F16-81E6-4FB6-87E4-0CC3EAB6B4B6}.Release|Any CPU.Build.0 = Release|Any CPU
		{A696C7DC-8A2A-438B-83CB-DCF7B80A3265}.Debug|Any CPU.ActiveCfg = Debug|Any CPU
		{A696C7DC-8A2A-438B-83CB-DCF7B80A3265}.Debug|Any CPU.Build.0 = Debug|Any CPU
		{A696C7DC-8A2A-438B-83CB-DCF7B80A3265}.Release|Any CPU.ActiveCfg = Release|Any CPU
		{A696C7DC-8A2A-438B-83CB-DCF7B80A3265}.Release|Any CPU.Build.0 = Release|Any CPU
		{04064CC2-7E4C-4787-A028-0806BB17F553}.Debug|Any CPU.ActiveCfg = Debug|Any CPU
		{04064CC2-7E4C-4787-A028-0806BB17F553}.Debug|Any CPU.Build.0 = Debug|Any CPU
		{04064CC2-7E4C-4787-A028-0806BB17F553}.Release|Any CPU.ActiveCfg = Release|Any CPU
		{04064CC2-7E4C-4787-A028-0806BB17F553}.Release|Any CPU.Build.0 = Release|Any CPU
		{DB812807-3773-4072-A39B-4F75F546272B}.Debug|Any CPU.ActiveCfg = Debug|Any CPU
		{DB812807-3773-4072-A39B-4F75F546272B}.Debug|Any CPU.Build.0 = Debug|Any CPU
		{DB812807-3773-4072-A39B-4F75F546272B}.Release|Any CPU.ActiveCfg = Release|Any CPU
		{DB812807-3773-4072-A39B-4F75F546272B}.Release|Any CPU.Build.0 = Release|Any CPU
		{4FB597BE-7E6F-425A-BD7F-10D7F8FD0DC9}.Debug|Any CPU.ActiveCfg = Debug|Any CPU
		{4FB597BE-7E6F-425A-BD7F-10D7F8FD0DC9}.Debug|Any CPU.Build.0 = Debug|Any CPU
		{4FB597BE-7E6F-425A-BD7F-10D7F8FD0DC9}.Release|Any CPU.ActiveCfg = Release|Any CPU
		{4FB597BE-7E6F-425A-BD7F-10D7F8FD0DC9}.Release|Any CPU.Build.0 = Release|Any CPU
		{FA52BE5E-6ABC-43E5-B22C-B450205702A8}.Debug|Any CPU.ActiveCfg = Debug|Any CPU
		{FA52BE5E-6ABC-43E5-B22C-B450205702A8}.Debug|Any CPU.Build.0 = Debug|Any CPU
		{FA52BE5E-6ABC-43E5-B22C-B450205702A8}.Release|Any CPU.ActiveCfg = Release|Any CPU
		{FA52BE5E-6ABC-43E5-B22C-B450205702A8}.Release|Any CPU.Build.0 = Release|Any CPU
	EndGlobalSection
	GlobalSection(SolutionProperties) = preSolution
		HideSolutionNode = FALSE
	EndGlobalSection
	GlobalSection(ExtensibilityGlobals) = postSolution
		SolutionGuid = {74A45B70-D4C3-4283-9C9E-BB96FFCF0C15}
	EndGlobalSection
EndGlobal
